{
  "nodes": {
    "hypertext": {
      "flake": false,
      "locked": {
        "lastModified": 1742072915,
        "narHash": "sha256-lf+26hdcbHfmhdOwnjncc0YCXUpLaPzJMp8vEHq+apo=",
        "owner": "dfgHiatus",
        "repo": "HyperText.Avalonia",
        "rev": "8a16a6bcce40344ce77a386cf212ca742819c5ad",
        "type": "github"
      },
      "original": {
        "owner": "dfgHiatus",
        "repo": "HyperText.Avalonia",
        "rev": "8a16a6bcce40344ce77a386cf212ca742819c5ad",
        "type": "github"
      }
    },
    "nixpkgs": {
      "locked": {
        "lastModified": 1764517877,
        "narHash": "sha256-pp3uT4hHijIC8JUK5MEqeAWmParJrgBVzHLNfJDZxg4=",
        "owner": "NixOS",
        "repo": "nixpkgs",
        "rev": "2d293cbfa5a793b4c50d17c05ef9e385b90edf6c",
        "type": "github"
      },
      "original": {
        "owner": "NixOS",
        "ref": "nixos-unstable",
        "repo": "nixpkgs",
        "type": "github"
      }
    },
    "root": {
      "inputs": {
        "hypertext": "hypertext",
        "nixpkgs": "nixpkgs",
        "vrcft": "vrcft"
      }
    },
    "vrcft": {
      "flake": false,
      "locked": {
        "lastModified": 1739195724,
        "narHash": "sha256-am1+GlemenmrgN2R/uUKJz0ftVxYeSj9u+bfFaNzfKc=",
        "owner": "dfgHiatus",
        "repo": "VRCFaceTracking",
        "rev": "46453fcda63fdcfc56663813246764fbc028d73b",
        "type": "github"
      },
      "original": {
        "owner": "dfgHiatus",
        "repo": "VRCFaceTracking",
        "rev": "46453fcda63fdcfc56663813246764fbc028d73b",
        "type": "github"
      }
    }
  },
  "root": "root",
  "version": 7
}
